// !$*UTF8*$!
{
	archiveVersion = 1;
	classes = {
	};
	objectVersion = 46;
	objects = {

/* Begin PBXBuildFile section */
		95644FBE1A87FBAB0071ED8B /* AppDelegate.swift in Sources */ = {isa = PBXBuildFile; fileRef = 95644FBD1A87FBAB0071ED8B /* AppDelegate.swift */; };
		95644FC01A87FBAB0071ED8B /* ViewController.swift in Sources */ = {isa = PBXBuildFile; fileRef = 95644FBF1A87FBAB0071ED8B /* ViewController.swift */; };
		95644FC31A87FBAB0071ED8B /* Main.storyboard in Resources */ = {isa = PBXBuildFile; fileRef = 95644FC11A87FBAB0071ED8B /* Main.storyboard */; };
		95644FC51A87FBAB0071ED8B /* Images.xcassets in Resources */ = {isa = PBXBuildFile; fileRef = 95644FC41A87FBAB0071ED8B /* Images.xcassets */; };
		95644FC81A87FBAB0071ED8B /* LaunchScreen.xib in Resources */ = {isa = PBXBuildFile; fileRef = 95644FC61A87FBAB0071ED8B /* LaunchScreen.xib */; };
		95644FD41A87FBAB0071ED8B /* RoosterTests.swift in Sources */ = {isa = PBXBuildFile; fileRef = 95644FD31A87FBAB0071ED8B /* RoosterTests.swift */; };
		95644FDE1A87FEF60071ED8B /* TableViewController.swift in Sources */ = {isa = PBXBuildFile; fileRef = 95644FDD1A87FEF60071ED8B /* TableViewController.swift */; };
		95644FE01A87FF0B0071ED8B /* TableViewCell.swift in Sources */ = {isa = PBXBuildFile; fileRef = 95644FDF1A87FF0B0071ED8B /* TableViewCell.swift */; };
		95644FE21A8801290071ED8B /* Request.swift in Sources */ = {isa = PBXBuildFile; fileRef = 95644FE11A8801290071ED8B /* Request.swift */; };
		95644FE41A88199F0071ED8B /* Course.swift in Sources */ = {isa = PBXBuildFile; fileRef = 95644FE31A88199F0071ED8B /* Course.swift */; };
		95644FEB1A882E200071ED8B /* Locksmith.swift in Sources */ = {isa = PBXBuildFile; fileRef = 95644FE91A882E200071ED8B /* Locksmith.swift */; };
		95644FEC1A882E200071ED8B /* LocksmithRequest.swift in Sources */ = {isa = PBXBuildFile; fileRef = 95644FEA1A882E200071ED8B /* LocksmithRequest.swift */; };
/* End PBXBuildFile section */

/* Begin PBXContainerItemProxy section */
		95644FCE1A87FBAB0071ED8B /* PBXContainerItemProxy */ = {
			isa = PBXContainerItemProxy;
			containerPortal = 95644FB01A87FBAB0071ED8B /* Project object */;
			proxyType = 1;
			remoteGlobalIDString = 95644FB71A87FBAB0071ED8B;
			remoteInfo = Rooster;
		};
/* End PBXContainerItemProxy section */

/* Begin PBXFileReference section */
		95644FB81A87FBAB0071ED8B /* Rooster.app */ = {isa = PBXFileReference; explicitFileType = wrapper.application; includeInIndex = 0; path = Rooster.app; sourceTree = BUILT_PRODUCTS_DIR; };
		95644FBC1A87FBAB0071ED8B /* Info.plist */ = {isa = PBXFileReference; lastKnownFileType = text.plist.xml; path = Info.plist; sourceTree = "<group>"; };
		95644FBD1A87FBAB0071ED8B /* AppDelegate.swift */ = {isa = PBXFileReference; lastKnownFileType = sourcecode.swift; path = AppDelegate.swift; sourceTree = "<group>"; };
		95644FBF1A87FBAB0071ED8B /* ViewController.swift */ = {isa = PBXFileReference; lastKnownFileType = sourcecode.swift; path = ViewController.swift; sourceTree = "<group>"; };
		95644FC21A87FBAB0071ED8B /* Base */ = {isa = PBXFileReference; lastKnownFileType = file.storyboard; name = Base; path = Base.lproj/Main.storyboard; sourceTree = "<group>"; };
		95644FC41A87FBAB0071ED8B /* Images.xcassets */ = {isa = PBXFileReference; lastKnownFileType = folder.assetcatalog; path = Images.xcassets; sourceTree = "<group>"; };
		95644FC71A87FBAB0071ED8B /* Base */ = {isa = PBXFileReference; lastKnownFileType = file.xib; name = Base; path = Base.lproj/LaunchScreen.xib; sourceTree = "<group>"; };
		95644FCD1A87FBAB0071ED8B /* RoosterTests.xctest */ = {isa = PBXFileReference; explicitFileType = wrapper.cfbundle; includeInIndex = 0; path = RoosterTests.xctest; sourceTree = BUILT_PRODUCTS_DIR; };
		95644FD21A87FBAB0071ED8B /* Info.plist */ = {isa = PBXFileReference; lastKnownFileType = text.plist.xml; path = Info.plist; sourceTree = "<group>"; };
		95644FD31A87FBAB0071ED8B /* RoosterTests.swift */ = {isa = PBXFileReference; lastKnownFileType = sourcecode.swift; path = RoosterTests.swift; sourceTree = "<group>"; };
		95644FDD1A87FEF60071ED8B /* TableViewController.swift */ = {isa = PBXFileReference; fileEncoding = 4; lastKnownFileType = sourcecode.swift; path = TableViewController.swift; sourceTree = "<group>"; };
		95644FDF1A87FF0B0071ED8B /* TableViewCell.swift */ = {isa = PBXFileReference; fileEncoding = 4; lastKnownFileType = sourcecode.swift; path = TableViewCell.swift; sourceTree = "<group>"; };
		95644FE11A8801290071ED8B /* Request.swift */ = {isa = PBXFileReference; fileEncoding = 4; lastKnownFileType = sourcecode.swift; path = Request.swift; sourceTree = "<group>"; };
		95644FE31A88199F0071ED8B /* Course.swift */ = {isa = PBXFileReference; fileEncoding = 4; lastKnownFileType = sourcecode.swift; path = Course.swift; sourceTree = "<group>"; };
		95644FE91A882E200071ED8B /* Locksmith.swift */ = {isa = PBXFileReference; fileEncoding = 4; lastKnownFileType = sourcecode.swift; path = Locksmith.swift; sourceTree = "<group>"; };
		95644FEA1A882E200071ED8B /* LocksmithRequest.swift */ = {isa = PBXFileReference; fileEncoding = 4; lastKnownFileType = sourcecode.swift; path = LocksmithRequest.swift; sourceTree = "<group>"; };
/* End PBXFileReference section */

/* Begin PBXFrameworksBuildPhase section */
		95644FB51A87FBAB0071ED8B /* Frameworks */ = {
			isa = PBXFrameworksBuildPhase;
			buildActionMask = 2147483647;
			files = (
			);
			runOnlyForDeploymentPostprocessing = 0;
		};
		95644FCA1A87FBAB0071ED8B /* Frameworks */ = {
			isa = PBXFrameworksBuildPhase;
			buildActionMask = 2147483647;
			files = (
			);
			runOnlyForDeploymentPostprocessing = 0;
		};
/* End PBXFrameworksBuildPhase section */

/* Begin PBXGroup section */
		95644FAF1A87FBAB0071ED8B = {
			isa = PBXGroup;
			children = (
				95644FBA1A87FBAB0071ED8B /* Rooster */,
				95644FD01A87FBAB0071ED8B /* RoosterTests */,
				95644FB91A87FBAB0071ED8B /* Products */,
			);
			sourceTree = "<group>";
		};
		95644FB91A87FBAB0071ED8B /* Products */ = {
			isa = PBXGroup;
			children = (
				95644FB81A87FBAB0071ED8B /* Rooster.app */,
				95644FCD1A87FBAB0071ED8B /* RoosterTests.xctest */,
			);
			name = Products;
			sourceTree = "<group>";
		};
		95644FBA1A87FBAB0071ED8B /* Rooster */ = {
			isa = PBXGroup;
			children = (
				95644FE81A882DF20071ED8B /* Locksmith */,
				95644FBD1A87FBAB0071ED8B /* AppDelegate.swift */,
				95644FBF1A87FBAB0071ED8B /* ViewController.swift */,
				95644FDD1A87FEF60071ED8B /* TableViewController.swift */,
				95644FDF1A87FF0B0071ED8B /* TableViewCell.swift */,
				95644FC11A87FBAB0071ED8B /* Main.storyboard */,
				95644FC41A87FBAB0071ED8B /* Images.xcassets */,
				95644FC61A87FBAB0071ED8B /* LaunchScreen.xib */,
				95644FBB1A87FBAB0071ED8B /* Supporting Files */,
				95644FE11A8801290071ED8B /* Request.swift */,
				95644FE51A8819A50071ED8B /* Model */,
			);
			path = Rooster;
			sourceTree = "<group>";
		};
		95644FBB1A87FBAB0071ED8B /* Supporting Files */ = {
			isa = PBXGroup;
			children = (
				95644FBC1A87FBAB0071ED8B /* Info.plist */,
			);
			name = "Supporting Files";
			sourceTree = "<group>";
		};
		95644FD01A87FBAB0071ED8B /* RoosterTests */ = {
			isa = PBXGroup;
			children = (
				95644FD31A87FBAB0071ED8B /* RoosterTests.swift */,
				95644FD11A87FBAB0071ED8B /* Supporting Files */,
			);
			path = RoosterTests;
			sourceTree = "<group>";
		};
		95644FD11A87FBAB0071ED8B /* Supporting Files */ = {
			isa = PBXGroup;
			children = (
				95644FD21A87FBAB0071ED8B /* Info.plist */,
			);
			name = "Supporting Files";
			sourceTree = "<group>";
		};
		95644FE51A8819A50071ED8B /* Model */ = {
			isa = PBXGroup;
			children = (
				95644FE31A88199F0071ED8B /* Course.swift */,
			);
			name = Model;
			sourceTree = "<group>";
		};
		95644FE81A882DF20071ED8B /* Locksmith */ = {
			isa = PBXGroup;
			children = (
				95644FE91A882E200071ED8B /* Locksmith.swift */,
				95644FEA1A882E200071ED8B /* LocksmithRequest.swift */,
			);
			name = Locksmith;
			sourceTree = "<group>";
		};
/* End PBXGroup section */

/* Begin PBXNativeTarget section */
		95644FB71A87FBAB0071ED8B /* Rooster */ = {
			isa = PBXNativeTarget;
			buildConfigurationList = 95644FD71A87FBAB0071ED8B /* Build configuration list for PBXNativeTarget "Rooster" */;
			buildPhases = (
				95644FB41A87FBAB0071ED8B /* Sources */,
				95644FB51A87FBAB0071ED8B /* Frameworks */,
				95644FB61A87FBAB0071ED8B /* Resources */,
			);
			buildRules = (
			);
			dependencies = (
			);
			name = Rooster;
			productName = Rooster;
			productReference = 95644FB81A87FBAB0071ED8B /* Rooster.app */;
			productType = "com.apple.product-type.application";
		};
		95644FCC1A87FBAB0071ED8B /* RoosterTests */ = {
			isa = PBXNativeTarget;
			buildConfigurationList = 95644FDA1A87FBAB0071ED8B /* Build configuration list for PBXNativeTarget "RoosterTests" */;
			buildPhases = (
				95644FC91A87FBAB0071ED8B /* Sources */,
				95644FCA1A87FBAB0071ED8B /* Frameworks */,
				95644FCB1A87FBAB0071ED8B /* Resources */,
			);
			buildRules = (
			);
			dependencies = (
				95644FCF1A87FBAB0071ED8B /* PBXTargetDependency */,
			);
			name = RoosterTests;
			productName = RoosterTests;
			productReference = 95644FCD1A87FBAB0071ED8B /* RoosterTests.xctest */;
			productType = "com.apple.product-type.bundle.unit-test";
		};
/* End PBXNativeTarget section */

/* Begin PBXProject section */
		95644FB01A87FBAB0071ED8B /* Project object */ = {
			isa = PBXProject;
			attributes = {
				LastUpgradeCheck = 0610;
				ORGANIZATIONNAME = "Bas Broek";
				TargetAttributes = {
					95644FB71A87FBAB0071ED8B = {
						CreatedOnToolsVersion = 6.1.1;
						DevelopmentTeam = ATRP3CTWEB;
					};
					95644FCC1A87FBAB0071ED8B = {
						CreatedOnToolsVersion = 6.1.1;
						TestTargetID = 95644FB71A87FBAB0071ED8B;
					};
				};
			};
			buildConfigurationList = 95644FB31A87FBAB0071ED8B /* Build configuration list for PBXProject "Rooster" */;
			compatibilityVersion = "Xcode 3.2";
			developmentRegion = English;
			hasScannedForEncodings = 0;
			knownRegions = (
				en,
				Base,
			);
			mainGroup = 95644FAF1A87FBAB0071ED8B;
			productRefGroup = 95644FB91A87FBAB0071ED8B /* Products */;
			projectDirPath = "";
			projectRoot = "";
			targets = (
				95644FB71A87FBAB0071ED8B /* Rooster */,
				95644FCC1A87FBAB0071ED8B /* RoosterTests */,
			);
		};
/* End PBXProject section */

/* Begin PBXResourcesBuildPhase section */
		95644FB61A87FBAB0071ED8B /* Resources */ = {
			isa = PBXResourcesBuildPhase;
			buildActionMask = 2147483647;
			files = (
				95644FC31A87FBAB0071ED8B /* Main.storyboard in Resources */,
				95644FC81A87FBAB0071ED8B /* LaunchScreen.xib in Resources */,
				95644FC51A87FBAB0071ED8B /* Images.xcassets in Resources */,
			);
			runOnlyForDeploymentPostprocessing = 0;
		};
		95644FCB1A87FBAB0071ED8B /* Resources */ = {
			isa = PBXResourcesBuildPhase;
			buildActionMask = 2147483647;
			files = (
			);
			runOnlyForDeploymentPostprocessing = 0;
		};
/* End PBXResourcesBuildPhase section */

/* Begin PBXSourcesBuildPhase section */
		95644FB41A87FBAB0071ED8B /* Sources */ = {
			isa = PBXSourcesBuildPhase;
			buildActionMask = 2147483647;
			files = (
				95644FEC1A882E200071ED8B /* LocksmithRequest.swift in Sources */,
				95644FE41A88199F0071ED8B /* Course.swift in Sources */,
				95644FC01A87FBAB0071ED8B /* ViewController.swift in Sources */,
				95644FE01A87FF0B0071ED8B /* TableViewCell.swift in Sources */,
				95644FE21A8801290071ED8B /* Request.swift in Sources */,
				95644FDE1A87FEF60071ED8B /* TableViewController.swift in Sources */,
				95644FBE1A87FBAB0071ED8B /* AppDelegate.swift in Sources */,
				95644FEB1A882E200071ED8B /* Locksmith.swift in Sources */,
			);
			runOnlyForDeploymentPostprocessing = 0;
		};
		95644FC91A87FBAB0071ED8B /* Sources */ = {
			isa = PBXSourcesBuildPhase;
			buildActionMask = 2147483647;
			files = (
				95644FD41A87FBAB0071ED8B /* RoosterTests.swift in Sources */,
			);
			runOnlyForDeploymentPostprocessing = 0;
		};
/* End PBXSourcesBuildPhase section */

/* Begin PBXTargetDependency section */
		95644FCF1A87FBAB0071ED8B /* PBXTargetDependency */ = {
			isa = PBXTargetDependency;
			target = 95644FB71A87FBAB0071ED8B /* Rooster */;
			targetProxy = 95644FCE1A87FBAB0071ED8B /* PBXContainerItemProxy */;
		};
/* End PBXTargetDependency section */

/* Begin PBXVariantGroup section */
		95644FC11A87FBAB0071ED8B /* Main.storyboard */ = {
			isa = PBXVariantGroup;
			children = (
				95644FC21A87FBAB0071ED8B /* Base */,
			);
			name = Main.storyboard;
			sourceTree = "<group>";
		};
		95644FC61A87FBAB0071ED8B /* LaunchScreen.xib */ = {
			isa = PBXVariantGroup;
			children = (
				95644FC71A87FBAB0071ED8B /* Base */,
			);
			name = LaunchScreen.xib;
			sourceTree = "<group>";
		};
/* End PBXVariantGroup section */

/* Begin XCBuildConfiguration section */
		95644FD51A87FBAB0071ED8B /* Debug */ = {
			isa = XCBuildConfiguration;
			buildSettings = {
				ALWAYS_SEARCH_USER_PATHS = NO;
				CLANG_CXX_LANGUAGE_STANDARD = "gnu++0x";
				CLANG_CXX_LIBRARY = "libc++";
				CLANG_ENABLE_MODULES = YES;
				CLANG_ENABLE_OBJC_ARC = YES;
				CLANG_WARN_BOOL_CONVERSION = YES;
				CLANG_WARN_CONSTANT_CONVERSION = YES;
				CLANG_WARN_DIRECT_OBJC_ISA_USAGE = YES_ERROR;
				CLANG_WARN_EMPTY_BODY = YES;
				CLANG_WARN_ENUM_CONVERSION = YES;
				CLANG_WARN_INT_CONVERSION = YES;
				CLANG_WARN_OBJC_ROOT_CLASS = YES_ERROR;
				CLANG_WARN_UNREACHABLE_CODE = YES;
				CLANG_WARN__DUPLICATE_METHOD_MATCH = YES;
				"CODE_SIGN_IDENTITY[sdk=iphoneos*]" = "iPhone Developer";
				COPY_PHASE_STRIP = NO;
				ENABLE_STRICT_OBJC_MSGSEND = YES;
				GCC_C_LANGUAGE_STANDARD = gnu99;
				GCC_DYNAMIC_NO_PIC = NO;
				GCC_OPTIMIZATION_LEVEL = 0;
				GCC_PREPROCESSOR_DEFINITIONS = (
					"DEBUG=1",
					"$(inherited)",
				);
				GCC_SYMBOLS_PRIVATE_EXTERN = NO;
				GCC_WARN_64_TO_32_BIT_CONVERSION = YES;
				GCC_WARN_ABOUT_RETURN_TYPE = YES_ERROR;
				GCC_WARN_UNDECLARED_SELECTOR = YES;
				GCC_WARN_UNINITIALIZED_AUTOS = YES_AGGRESSIVE;
				GCC_WARN_UNUSED_FUNCTION = YES;
				GCC_WARN_UNUSED_VARIABLE = YES;
				IPHONEOS_DEPLOYMENT_TARGET = 8.1;
				MTL_ENABLE_DEBUG_INFO = YES;
				ONLY_ACTIVE_ARCH = YES;
				SDKROOT = iphoneos;
				SWIFT_OPTIMIZATION_LEVEL = "-Onone";
				TARGETED_DEVICE_FAMILY = 2;
			};
			name = Debug;
		};
		95644FD61A87FBAB0071ED8B /* Release */ = {
			isa = XCBuildConfiguration;
			buildSettings = {
				ALWAYS_SEARCH_USER_PATHS = NO;
				CLANG_CXX_LANGUAGE_STANDARD = "gnu++0x";
				CLANG_CXX_LIBRARY = "libc++";
				CLANG_ENABLE_MODULES = YES;
				CLANG_ENABLE_OBJC_ARC = YES;
				CLANG_WARN_BOOL_CONVERSION = YES;
				CLANG_WARN_CONSTANT_CONVERSION = YES;
				CLANG_WARN_DIRECT_OBJC_ISA_USAGE = YES_ERROR;
				CLANG_WARN_EMPTY_BODY = YES;
				CLANG_WARN_ENUM_CONVERSION = YES;
				CLANG_WARN_INT_CONVERSION = YES;
				CLANG_WARN_OBJC_ROOT_CLASS = YES_ERROR;
				CLANG_WARN_UNREACHABLE_CODE = YES;
				CLANG_WARN__DUPLICATE_METHOD_MATCH = YES;
				"CODE_SIGN_IDENTITY[sdk=iphoneos*]" = "iPhone Developer";
				COPY_PHASE_STRIP = YES;
				ENABLE_NS_ASSERTIONS = NO;
				ENABLE_STRICT_OBJC_MSGSEND = YES;
				GCC_C_LANGUAGE_STANDARD = gnu99;
				GCC_WARN_64_TO_32_BIT_CONVERSION = YES;
				GCC_WARN_ABOUT_RETURN_TYPE = YES_ERROR;
				GCC_WARN_UNDECLARED_SELECTOR = YES;
				GCC_WARN_UNINITIALIZED_AUTOS = YES_AGGRESSIVE;
				GCC_WARN_UNUSED_FUNCTION = YES;
				GCC_WARN_UNUSED_VARIABLE = YES;
				IPHONEOS_DEPLOYMENT_TARGET = 8.1;
				MTL_ENABLE_DEBUG_INFO = NO;
				SDKROOT = iphoneos;
				TARGETED_DEVICE_FAMILY = 2;
				VALIDATE_PRODUCT = YES;
			};
			name = Release;
		};
		95644FD81A87FBAB0071ED8B /* Debug */ = {
			isa = XCBuildConfiguration;
			buildSettings = {
				ASSETCATALOG_COMPILER_APPICON_NAME = AppIcon;
				CODE_SIGN_IDENTITY = "iPhone Developer";
				INFOPLIST_FILE = Rooster/Info.plist;
				LD_RUNPATH_SEARCH_PATHS = "$(inherited) @executable_path/Frameworks";
				PRODUCT_NAME = "$(TARGET_NAME)";
				TARGETED_DEVICE_FAMILY = "1,2";
			};
			name = Debug;
		};
		95644FD91A87FBAB0071ED8B /* Release */ = {
			isa = XCBuildConfiguration;
			buildSettings = {
				ASSETCATALOG_COMPILER_APPICON_NAME = AppIcon;
				CODE_SIGN_IDENTITY = "iPhone Developer";
				INFOPLIST_FILE = Rooster/Info.plist;
				LD_RUNPATH_SEARCH_PATHS = "$(inherited) @executable_path/Frameworks";
				PRODUCT_NAME = "$(TARGET_NAME)";
				TARGETED_DEVICE_FAMILY = "1,2";
			};
			name = Release;
		};
		95644FDB1A87FBAB0071ED8B /* Debug */ = {
			isa = XCBuildConfiguration;
			buildSettings = {
				BUNDLE_LOADER = "$(TEST_HOST)";
				FRAMEWORK_SEARCH_PATHS = (
					"$(SDKROOT)/Developer/Library/Frameworks",
					"$(inherited)",
				);
				GCC_PREPROCESSOR_DEFINITIONS = (
					"DEBUG=1",
					"$(inherited)",
				);
				INFOPLIST_FILE = RoosterTests/Info.plist;
				LD_RUNPATH_SEARCH_PATHS = "$(inherited) @executable_path/Frameworks @loader_path/Frameworks";
				PRODUCT_NAME = "$(TARGET_NAME)";
				TEST_HOST = "$(BUILT_PRODUCTS_DIR)/Rooster.app/Rooster";
			};
			name = Debug;
		};
		95644FDC1A87FBAB0071ED8B /* Release */ = {
			isa = XCBuildConfiguration;
			buildSettings = {
				BUNDLE_LOADER = "$(TEST_HOST)";
				FRAMEWORK_SEARCH_PATHS = (
					"$(SDKROOT)/Developer/Library/Frameworks",
					"$(inherited)",
				);
				INFOPLIST_FILE = RoosterTests/Info.plist;
				LD_RUNPATH_SEARCH_PATHS = "$(inherited) @executable_path/Frameworks @loader_path/Frameworks";
				PRODUCT_NAME = "$(TARGET_NAME)";
				TEST_HOST = "$(BUILT_PRODUCTS_DIR)/Rooster.app/Rooster";
			};
			name = Release;
		};
/* End XCBuildConfiguration section */

/* Begin XCConfigurationList section */
		95644FB31A87FBAB0071ED8B /* Build configuration list for PBXProject "Rooster" */ = {
			isa = XCConfigurationList;
			buildConfigurations = (
				95644FD51A87FBAB0071ED8B /* Debug */,
				95644FD61A87FBAB0071ED8B /* Release */,
			);
			defaultConfigurationIsVisible = 0;
			defaultConfigurationName = Release;
		};
		95644FD71A87FBAB0071ED8B /* Build configuration list for PBXNativeTarget "Rooster" */ = {
			isa = XCConfigurationList;
			buildConfigurations = (
				95644FD81A87FBAB0071ED8B /* Debug */,
				95644FD91A87FBAB0071ED8B /* Release */,
			);
			defaultConfigurationIsVisible = 0;
		};
		95644FDA1A87FBAB0071ED8B /* Build configuration list for PBXNativeTarget "RoosterTests" */ = {
			isa = XCConfigurationList;
			buildConfigurations = (
				95644FDB1A87FBAB0071ED8B /* Debug */,
				95644FDC1A87FBAB0071ED8B /* Release */,
			);
			defaultConfigurationIsVisible = 0;
		};
/* End XCConfigurationList section */
	};
	rootObject = 95644FB01A87FBAB0071ED8B /* Project object */;
}
